[root]
name = "fxe"
version = "0.1.0"
dependencies = [
 "error-chain 0.10.0 (registry+https://github.com/rust-lang/crates.io-index)",
 "nix 0.10.0-pre (git+https://github.com/lucab/nix?rev=ups/fexecve)",
]

[[package]]
name = "bitflags"
version = "0.9.1"
source = "registry+https://github.com/rust-lang/crates.io-index"

[[package]]
name = "cfg-if"
version = "0.1.2"
source = "registry+https://github.com/rust-lang/crates.io-index"

[[package]]
name = "error-chain"
version = "0.10.0"
source = "registry+https://github.com/rust-lang/crates.io-index"

[[package]]
name = "libc"
version = "0.2.29"
source = "git+https://github.com/rust-lang/libc#d6317b6a97bdec483ffb409747577b1adc915a52"

[[package]]
name = "nix"
version = "0.10.0-pre"
source = "git+https://github.com/lucab/nix?rev=ups/fexecve#a81fd5ba13b7f83ec7145173b178093408ed08c9"
dependencies = [
 "bitflags 0.9.1 (registry+https://github.com/rust-lang/crates.io-index)",
 "cfg-if 0.1.2 (registry+https://github.com/rust-lang/crates.io-index)",
 "libc 0.2.29 (git+https://github.com/rust-lang/libc)",
 "void 1.0.2 (registry+https://github.com/rust-lang/crates.io-index)",
]

[[package]]
name = "void"
version = "1.0.2"
source = "registry+https://github.com/rust-lang/crates.io-index"

[metadata]
"checksum bitflags 0.9.1 (registry+https://github.com/rust-lang/crates.io-index)" = "4efd02e230a02e18f92fc2735f44597385ed02ad8f831e7c1c1156ee5e1ab3a5"
"checksum cfg-if 0.1.2 (registry+https://github.com/rust-lang/crates.io-index)" = "d4c819a1287eb618df47cc647173c5c4c66ba19d888a6e50d605672aed3140de"
"checksum error-chain 0.10.0 (registry+https://github.com/rust-lang/crates.io-index)" = "d9435d864e017c3c6afeac1654189b06cdb491cf2ff73dbf0d73b0f292f42ff8"
"checksum libc 0.2.29 (git+https://github.com/rust-lang/libc)" = "<none>"
"checksum nix 0.10.0-pre (git+https://github.com/lucab/nix?rev=ups/fexecve)" = "<none>"
"checksum void 1.0.2 (registry+https://github.com/rust-lang/crates.io-index)" = "6a02e4885ed3bc0f2de90ea6dd45ebcbb66dacffe03547fadbb0eeae2770887d"
